[[package]]
name = "aenum"
version = "3.1.11"
description = "Advanced Enumerations (compatible with Python's stdlib Enum), NamedTuples, and NamedConstants"
category = "main"
optional = false
python-versions = "*"

[[package]]
name = "babel"
version = "2.10.3"
description = "Internationalization utilities"
category = "dev"
optional = false
python-versions = ">=3.6"

[package.dependencies]
pytz = ">=2015.7"

[[package]]
name = "click"
version = "8.1.3"
description = "Composable command line interface toolkit"
category = "main"
optional = false
python-versions = ">=3.7"

[package.dependencies]
colorama = {version = "*", markers = "platform_system == \"Windows\""}

[[package]]
name = "colorama"
version = "0.4.5"
description = "Cross-platform colored terminal text."
category = "main"
optional = false
python-versions = ">=2.7, !=3.0.*, !=3.1.*, !=3.2.*, !=3.3.*, !=3.4.*"

[[package]]
name = "defusedxml"
version = "0.7.1"
description = "XML bomb protection for Python stdlib modules"
category = "main"
optional = false
python-versions = ">=2.7, !=3.0.*, !=3.1.*, !=3.2.*, !=3.3.*, !=3.4.*"

[[package]]
name = "fpdf2"
version = "2.5.6"
description = "Simple & fast PDF generation for Python"
category = "main"
optional = false
python-versions = "*"

[package.dependencies]
defusedxml = "*"
Pillow = ">=6.2.2"
"svg.path" = "*"

[[package]]
name = "jschon"
version = "0.9.0"
description = "A pythonic, extensible JSON Schema implementation."
category = "main"
optional = false
python-versions = "~=3.8"

[package.dependencies]
rfc3986 = "*"

[package.extras]
test = ["tox"]
requests = ["requests"]
doc = ["sphinx-rtd-theme", "sphinx"]
dev = ["requests", "pytest-httpserver", "pytest-benchmark", "hypothesis", "coverage", "pytest"]

[[package]]
name = "pillow"
version = "9.2.0"
description = "Python Imaging Library (Fork)"
category = "main"
optional = false
python-versions = ">=3.7"

[package.extras]
docs = ["furo", "olefile", "sphinx (>=2.4)", "sphinx-copybutton", "sphinx-issues (>=3.0.1)", "sphinx-removed-in", "sphinxext-opengraph"]
tests = ["check-manifest", "coverage", "defusedxml", "markdown2", "olefile", "packaging", "pyroma", "pytest", "pytest-cov", "pytest-timeout"]

[[package]]
name = "pytz"
version = "2022.2.1"
description = "World timezone definitions, modern and historical"
category = "dev"
optional = false
python-versions = "*"

[[package]]
name = "qrcode"
version = "7.3.1"
description = "QR Code image generator"
category = "main"
optional = false
python-versions = ">=3.6"

[package.dependencies]
colorama = {version = "*", markers = "platform_system == \"Windows\""}

[package.extras]
all = ["zest.releaser", "tox", "pytest", "pytest", "pytest-cov", "pillow"]
dev = ["tox", "pytest"]
maintainer = ["zest.releaser"]
pil = ["pillow"]
test = ["pytest", "pytest-cov"]

[[package]]
name = "rfc3986"
version = "2.0.0"
description = "Validating URI References per RFC 3986"
category = "main"
optional = false
python-versions = ">=3.7"

[package.extras]
idna2008 = ["idna"]

[[package]]
name = "svg.path"
version = "6.2"
description = "SVG path objects and parser"
category = "main"
optional = false
python-versions = "*"

[package.extras]
test = ["pillow", "pytest", "pytest-cov"]

[[package]]
name = "tomlkit"
version = "0.11.4"
description = "Style preserving TOML library"
category = "main"
optional = false
python-versions = ">=3.6,<4.0"

[metadata]
lock-version = "1.1"
python-versions = "^3.8"
content-hash = "c15fe1e1a46fbeb3f67ac9c467378b55580a6fe045c2b926c9a93d647e842bae"

[metadata.files]
aenum = []
babel = []
click = [
    {file = "click-8.1.3-py3-none-any.whl", hash = "sha256:bb4d8133cb15a609f44e8213d9b391b0809795062913b383c62be0ee95b1db48"},
    {file = "click-8.1.3.tar.gz", hash = "sha256:7682dc8afb30297001674575ea00d1814d808d6a36af415a82bd481d37ba7b8e"},
]
colorama = [
    {file = "colorama-0.4.5-py2.py3-none-any.whl", hash = "sha256:854bf444933e37f5824ae7bfc1e98d5bce2ebe4160d46b5edf346a89358e99da"},
    {file = "colorama-0.4.5.tar.gz", hash = "sha256:e6c6b4334fc50988a639d9b98aa429a0b57da6e17b9a44f0451f930b6967b7a4"},
]
defusedxml = [
    {file = "defusedxml-0.7.1-py2.py3-none-any.whl", hash = "sha256:a352e7e428770286cc899e2542b6cdaedb2b4953ff269a210103ec58f6198a61"},
    {file = "defusedxml-0.7.1.tar.gz", hash = "sha256:1bb3032db185915b62d7c6209c5a8792be6a32ab2fedacc84e01b52c51aa3e69"},
]
fpdf2 = []
jschon = []
pillow = []
pytz = []
qrcode = [
    {file = "qrcode-7.3.1.tar.gz", hash = "sha256:375a6ff240ca9bd41adc070428b5dfc1dcfbb0f2507f1ac848f6cded38956578"},
]
rfc3986 = [
    {file = "rfc3986-2.0.0-py2.py3-none-any.whl", hash = "sha256:50b1502b60e289cb37883f3dfd34532b8873c7de9f49bb546641ce9cbd256ebd"},
    {file = "rfc3986-2.0.0.tar.gz", hash = "sha256:97aacf9dbd4bfd829baad6e6309fa6573aaf1be3f6fa735c8ab05e46cecb261c"},
]
"svg.path" = []
tomlkit = []
